# This file was autogenerated by uv via the following command:
#    uv pip compile pyproject.toml -o requirements.lock
aiohappyeyeballs==2.6.1
    # via aiohttp
aiohttp==3.13.3
    # via langchain-community
aiosignal==1.4.0
    # via aiohttp
annotated-types==0.7.0
    # via pydantic
anyio==4.12.1
    # via httpx
attrs==25.4.0
    # via aiohttp
black==25.12.0
    # via cv-tailorer (pyproject.toml)
certifi==2026.1.4
    # via
    #   httpcore
    #   httpx
    #   requests
cfgv==3.5.0
    # via pre-commit
charset-normalizer==3.4.4
    # via requests
click==8.3.1
    # via black
colorama==0.4.6
    # via click
dataclasses-json==0.6.7
    # via langchain-community
defusedxml==0.7.1
    # via fpdf2
distlib==0.4.0
    # via virtualenv
filelock==3.20.2
    # via virtualenv
flake8==7.3.0
    # via cv-tailorer (pyproject.toml)
fonttools==4.61.1
    # via fpdf2
fpdf2==2.8.5
    # via cv-tailorer (pyproject.toml)
frozenlist==1.8.0
    # via
    #   aiohttp
    #   aiosignal
greenlet==3.3.0
    # via sqlalchemy
h11==0.16.0
    # via httpcore
httpcore==1.0.9
    # via httpx
httpx==0.28.1
    # via
    #   langgraph-sdk
    #   langsmith
    #   ollama
httpx-sse==0.4.3
    # via langchain-community
identify==2.6.15
    # via pre-commit
idna==3.11
    # via
    #   anyio
    #   httpx
    #   requests
    #   yarl
isort==7.0.0
    # via cv-tailorer (pyproject.toml)
jsonpatch==1.33
    # via langchain-core
jsonpointer==3.0.0
    # via jsonpatch
langchain==1.2.2
    # via cv-tailorer (pyproject.toml)
langchain-classic==1.0.1
    # via langchain-community
langchain-community==0.4.1
    # via cv-tailorer (pyproject.toml)
langchain-core==1.2.6
    # via
    #   cv-tailorer (pyproject.toml)
    #   langchain
    #   langchain-classic
    #   langchain-community
    #   langchain-ollama
    #   langchain-text-splitters
    #   langgraph
    #   langgraph-checkpoint
    #   langgraph-prebuilt
langchain-ollama==1.0.1
    # via cv-tailorer (pyproject.toml)
langchain-text-splitters==1.1.0
    # via langchain-classic
langgraph==1.0.5
    # via langchain
langgraph-checkpoint==3.0.1
    # via
    #   langgraph
    #   langgraph-prebuilt
langgraph-prebuilt==1.0.5
    # via langgraph
langgraph-sdk==0.3.1
    # via langgraph
langsmith==0.6.1
    # via
    #   langchain-classic
    #   langchain-community
    #   langchain-core
marshmallow==3.26.2
    # via dataclasses-json
mccabe==0.7.0
    # via flake8
multidict==6.7.0
    # via
    #   aiohttp
    #   yarl
mypy-extensions==1.1.0
    # via
    #   black
    #   typing-inspect
nodeenv==1.10.0
    # via pre-commit
numpy==2.4.0
    # via langchain-community
ollama==0.6.1
    # via
    #   cv-tailorer (pyproject.toml)
    #   langchain-ollama
orjson==3.11.5
    # via
    #   langgraph-sdk
    #   langsmith
ormsgpack==1.12.1
    # via langgraph-checkpoint
packaging==25.0
    # via
    #   black
    #   langchain-core
    #   langsmith
    #   marshmallow
pathspec==1.0.2
    # via black
pillow==12.1.0
    # via fpdf2
platformdirs==4.5.1
    # via
    #   black
    #   virtualenv
pre-commit==4.5.1
    # via cv-tailorer (pyproject.toml)
propcache==0.4.1
    # via
    #   aiohttp
    #   yarl
pycodestyle==2.14.0
    # via flake8
pydantic==2.12.5
    # via
    #   cv-tailorer (pyproject.toml)
    #   langchain
    #   langchain-classic
    #   langchain-core
    #   langgraph
    #   langsmith
    #   ollama
    #   pydantic-settings
pydantic-core==2.41.5
    # via pydantic
pydantic-settings==2.12.0
    # via langchain-community
pyflakes==3.4.0
    # via flake8
python-dotenv==1.2.1
    # via
    #   cv-tailorer (pyproject.toml)
    #   pydantic-settings
pytokens==0.3.0
    # via black
pyyaml==6.0.3
    # via
    #   langchain-classic
    #   langchain-community
    #   langchain-core
    #   pre-commit
requests==2.32.5
    # via
    #   langchain-classic
    #   langchain-community
    #   langsmith
    #   requests-toolbelt
requests-toolbelt==1.0.0
    # via langsmith
sqlalchemy==2.0.45
    # via
    #   langchain-classic
    #   langchain-community
tenacity==9.1.2
    # via
    #   langchain-community
    #   langchain-core
typing-extensions==4.15.0
    # via
    #   langchain-core
    #   pydantic
    #   pydantic-core
    #   sqlalchemy
    #   typing-inspect
    #   typing-inspection
typing-inspect==0.9.0
    # via dataclasses-json
typing-inspection==0.4.2
    # via
    #   pydantic
    #   pydantic-settings
urllib3==2.6.3
    # via requests
uuid-utils==0.13.0
    # via
    #   langchain-core
    #   langsmith
virtualenv==20.36.0
    # via pre-commit
xxhash==3.6.0
    # via langgraph
yarl==1.22.0
    # via aiohttp
zstandard==0.25.0
    # via langsmith
